
Microsoft Visual Studio Solution File, Format Version 12.00
# Visual Studio Version 16
VisualStudioVersion = 16.0.29123.88
MinimumVisualStudioVersion = 10.0.40219.1
Project("{9A19103F-16F7-4668-BE54-9A1E7A4F7556}") = "Domain", "Domain\Domain.csproj", "{6B13E927-7C0E-45A9-A953-B95D678A4D9B}"
EndProject
Project("{9A19103F-16F7-4668-BE54-9A1E7A4F7556}") = "Tests", "Tests\Tests.csproj", "{4F0F6070-64B7-49A8-AC7F-883E07D859B5}"
EndProject
Project("{2150E333-8FDC-42A3-9474-1A3956D46DE8}") = "src", "src", "{D69257D6-7BD8-43FA-8799-DA41B06F0CE8}"
EndProject
Project("{2150E333-8FDC-42A3-9474-1A3956D46DE8}") = "test", "test", "{6623B14C-F709-40CC-A007-06B2B99E76E2}"
EndProject
Project("{9A19103F-16F7-4668-BE54-9A1E7A4F7556}") = "Infrastructure", "Infrastructure\Infrastructure.csproj", "{D13DB2B0-12E5-4E80-99EA-847BD3D76F5F}"
EndProject
Project("{9A19103F-16F7-4668-BE54-9A1E7A4F7556}") = "Application", "Application\Application.csproj", "{E5851F92-FBD6-4C7E-A08F-D8EE2818BD9F}"
EndProject
Project("{9A19103F-16F7-4668-BE54-9A1E7A4F7556}") = "Presentation", "Presentation\Presentation.csproj", "{0BB132B6-D6B2-4104-9A57-ADA50F2CB03D}"
EndProject
Global
	GlobalSection(SolutionConfigurationPlatforms) = preSolution
		Debug|Any CPU = Debug|Any CPU
		Release|Any CPU = Release|Any CPU
	EndGlobalSection
	GlobalSection(ProjectConfigurationPlatforms) = postSolution
		{6B13E927-7C0E-45A9-A953-B95D678A4D9B}.Debug|Any CPU.ActiveCfg = Debug|Any CPU
		{6B13E927-7C0E-45A9-A953-B95D678A4D9B}.Debug|Any CPU.Build.0 = Debug|Any CPU
		{6B13E927-7C0E-45A9-A953-B95D678A4D9B}.Release|Any CPU.ActiveCfg = Release|Any CPU
		{6B13E927-7C0E-45A9-A953-B95D678A4D9B}.Release|Any CPU.Build.0 = Release|Any CPU
		{4F0F6070-64B7-49A8-AC7F-883E07D859B5}.Debug|Any CPU.ActiveCfg = Debug|Any CPU
		{4F0F6070-64B7-49A8-AC7F-883E07D859B5}.Debug|Any CPU.Build.0 = Debug|Any CPU
		{4F0F6070-64B7-49A8-AC7F-883E07D859B5}.Release|Any CPU.ActiveCfg = Release|Any CPU
		{4F0F6070-64B7-49A8-AC7F-883E07D859B5}.Release|Any CPU.Build.0 = Release|Any CPU
		{D13DB2B0-12E5-4E80-99EA-847BD3D76F5F}.Debug|Any CPU.ActiveCfg = Debug|Any CPU
		{D13DB2B0-12E5-4E80-99EA-847BD3D76F5F}.Debug|Any CPU.Build.0 = Debug|Any CPU
		{D13DB2B0-12E5-4E80-99EA-847BD3D76F5F}.Release|Any CPU.ActiveCfg = Release|Any CPU
		{D13DB2B0-12E5-4E80-99EA-847BD3D76F5F}.Release|Any CPU.Build.0 = Release|Any CPU
		{E5851F92-FBD6-4C7E-A08F-D8EE2818BD9F}.Debug|Any CPU.ActiveCfg = Debug|Any CPU
		{E5851F92-FBD6-4C7E-A08F-D8EE2818BD9F}.Debug|Any CPU.Build.0 = Debug|Any CPU
		{E5851F92-FBD6-4C7E-A08F-D8EE2818BD9F}.Release|Any CPU.ActiveCfg = Release|Any CPU
		{E5851F92-FBD6-4C7E-A08F-D8EE2818BD9F}.Release|Any CPU.Build.0 = Release|Any CPU
		{0BB132B6-D6B2-4104-9A57-ADA50F2CB03D}.Debug|Any CPU.ActiveCfg = Debug|Any CPU
		{0BB132B6-D6B2-4104-9A57-ADA50F2CB03D}.Debug|Any CPU.Build.0 = Debug|Any CPU
		{0BB132B6-D6B2-4104-9A57-ADA50F2CB03D}.Release|Any CPU.ActiveCfg = Release|Any CPU
		{0BB132B6-D6B2-4104-9A57-ADA50F2CB03D}.Release|Any CPU.Build.0 = Release|Any CPU
	EndGlobalSection
	GlobalSection(SolutionProperties) = preSolution
		HideSolutionNode = FALSE
	EndGlobalSection
	GlobalSection(NestedProjects) = preSolution
		{6B13E927-7C0E-45A9-A953-B95D678A4D9B} = {D69257D6-7BD8-43FA-8799-DA41B06F0CE8}
		{4F0F6070-64B7-49A8-AC7F-883E07D859B5} = {6623B14C-F709-40CC-A007-06B2B99E76E2}
		{D13DB2B0-12E5-4E80-99EA-847BD3D76F5F} = {D69257D6-7BD8-43FA-8799-DA41B06F0CE8}
		{E5851F92-FBD6-4C7E-A08F-D8EE2818BD9F} = {D69257D6-7BD8-43FA-8799-DA41B06F0CE8}
		{0BB132B6-D6B2-4104-9A57-ADA50F2CB03D} = {D69257D6-7BD8-43FA-8799-DA41B06F0CE8}
	EndGlobalSection
	GlobalSection(ExtensibilityGlobals) = postSolution
		SolutionGuid = {CCC020AA-D0C1-4854-A9F5-30A21A0F83A9}
	EndGlobalSection
EndGlobal
